
Microsoft Visual Studio Solution File, Format Version 12.00
# Visual Studio Version 16
VisualStudioVersion = 16.0.29519.181
MinimumVisualStudioVersion = 10.0.40219.1
Project("{FAE04EC0-301F-11D3-BF4B-00C04F79EFBC}") = "Idp", "Idp\Idp.csproj", "{450B3BC6-B8FF-44FA-8D53-552A2C34E1E8}"
EndProject
Project("{FAE04EC0-301F-11D3-BF4B-00C04F79EFBC}") = "Api1Resource", "Api1Resource\Api1Resource.csproj", "{ABE7C50A-555B-4AE9-B20C-636157A4D6C7}"
EndProject
Global
	GlobalSection(SolutionProperties) = preSolution
		HideSolutionNode = FALSE
	EndGlobalSection
	GlobalSection(ExtensibilityGlobals) = postSolution
		SolutionGuid = {EF9869C4-C0D8-41A1-B97B-2DB5870E8042}
	EndGlobalSection
	GlobalSection(ProjectConfigurationPlatforms) = postSolution
		{450B3BC6-B8FF-44FA-8D53-552A2C34E1E8}.Idp|Any CPU.ActiveCfg = Idp|Any CPU
		{450B3BC6-B8FF-44FA-8D53-552A2C34E1E8}.Idp|Any CPU.Build.0 = Idp|Any CPU
		{ABE7C50A-555B-4AE9-B20C-636157A4D6C7}.Idp|Any CPU.ActiveCfg = Debug|Any CPU
		{ABE7C50A-555B-4AE9-B20C-636157A4D6C7}.Idp|Any CPU.Build.0 = Debug|Any CPU
	EndGlobalSection
	GlobalSection(SolutionConfigurationPlatforms) = preSolution
		Idp|Any CPU = Idp|Any CPU
	EndGlobalSection
EndGlobal
