
Microsoft Visual Studio Solution File, Format Version 12.00
# Visual Studio Version 16
VisualStudioVersion = 16.0.29609.76
MinimumVisualStudioVersion = 10.0.40219.1
Project("{9A19103F-16F7-4668-BE54-9A1E7A4F7556}") = "Idp", "Idp\Idp.csproj", "{272DD969-4D9F-4BCC-B272-4BE6324562FB}"
EndProject
Global
	GlobalSection(SolutionConfigurationPlatforms) = preSolution
		Debug|Any CPU = Debug|Any CPU
		Idp|Any CPU = Idp|Any CPU
		Release|Any CPU = Release|Any CPU
	EndGlobalSection
	GlobalSection(ProjectConfigurationPlatforms) = postSolution
		{272DD969-4D9F-4BCC-B272-4BE6324562FB}.Debug|Any CPU.ActiveCfg = Debug|Any CPU
		{272DD969-4D9F-4BCC-B272-4BE6324562FB}.Debug|Any CPU.Build.0 = Debug|Any CPU
		{272DD969-4D9F-4BCC-B272-4BE6324562FB}.Idp|Any CPU.ActiveCfg = Idp|Any CPU
		{272DD969-4D9F-4BCC-B272-4BE6324562FB}.Idp|Any CPU.Build.0 = Idp|Any CPU
		{272DD969-4D9F-4BCC-B272-4BE6324562FB}.Release|Any CPU.ActiveCfg = Release|Any CPU
		{272DD969-4D9F-4BCC-B272-4BE6324562FB}.Release|Any CPU.Build.0 = Release|Any CPU
	EndGlobalSection
	GlobalSection(SolutionProperties) = preSolution
		HideSolutionNode = FALSE
	EndGlobalSection
	GlobalSection(ExtensibilityGlobals) = postSolution
		SolutionGuid = {A5549706-2999-4A41-9F1C-7D52609D14C5}
	EndGlobalSection
EndGlobal
